
Microsoft Visual Studio Solution File, Format Version 12.00
# Visual Studio Version 17
VisualStudioVersion = 17.9.34714.143
MinimumVisualStudioVersion = 10.0.40219.1
Project("{FAE04EC0-301F-11D3-BF4B-00C04F79EFBC}") = "Calculadora Imposo de Renda", "Calculadora Imposo de Renda\Calculadora Imposo de Renda.csproj", "{6244A6F0-2097-444D-8CD2-DE3E2D5A9C54}"
EndProject
Global
	GlobalSection(SolutionConfigurationPlatforms) = preSolution
		Debug|Any CPU = Debug|Any CPU
		Release|Any CPU = Release|Any CPU
	EndGlobalSection
	GlobalSection(ProjectConfigurationPlatforms) = postSolution
		{6244A6F0-2097-444D-8CD2-DE3E2D5A9C54}.Debug|Any CPU.ActiveCfg = Debug|Any CPU
		{6244A6F0-2097-444D-8CD2-DE3E2D5A9C54}.Debug|Any CPU.Build.0 = Debug|Any CPU
		{6244A6F0-2097-444D-8CD2-DE3E2D5A9C54}.Release|Any CPU.ActiveCfg = Release|Any CPU
		{6244A6F0-2097-444D-8CD2-DE3E2D5A9C54}.Release|Any CPU.Build.0 = Release|Any CPU
	EndGlobalSection
	GlobalSection(SolutionProperties) = preSolution
		HideSolutionNode = FALSE
	EndGlobalSection
	GlobalSection(ExtensibilityGlobals) = postSolution
		SolutionGuid = {ABF5BFD2-28CD-4FB9-81AA-D7946A18318D}
	EndGlobalSection
EndGlobal
